
Microsoft Visual Studio Solution File, Format Version 12.00
Project("{FAE04EC0-301F-11D3-BF4B-00C04F79EFBC}") = "ImageToASCII", "ImageToASCII\ImageToASCII.csproj", "{68164FB7-4E25-4864-BC3A-3874F30063BE}"
EndProject
Global
	GlobalSection(SolutionConfigurationPlatforms) = preSolution
		Debug|Any CPU = Debug|Any CPU
		Release|Any CPU = Release|Any CPU
	EndGlobalSection
	GlobalSection(ProjectConfigurationPlatforms) = postSolution
		{68164FB7-4E25-4864-BC3A-3874F30063BE}.Debug|Any CPU.ActiveCfg = Debug|Any CPU
		{68164FB7-4E25-4864-BC3A-3874F30063BE}.Debug|Any CPU.Build.0 = Debug|Any CPU
		{68164FB7-4E25-4864-BC3A-3874F30063BE}.Release|Any CPU.ActiveCfg = Release|Any CPU
		{68164FB7-4E25-4864-BC3A-3874F30063BE}.Release|Any CPU.Build.0 = Release|Any CPU
	EndGlobalSection
EndGlobal
